{
    "_meta": {
        "hash": {
            "sha256": "c2f09d82d4a3fe5df7b9c2a4a55294a663e41ca7b08e312af7111d618d331c8e"
        },
        "pipfile-spec": 6,
        "requires": {
            "python_version": "3.10"
        },
        "sources": [
            {
                "name": "pypi",
                "url": "https://pypi.org/simple",
                "verify_ssl": true
            }
        ]
    },
    "default": {
        "python-multipart": {
            "hashes": [
                "sha256:045e1f98d719c1ce085ed7f7e1ef9d8ccc8c02ba02b5566d5f7521410ced58cb",
                "sha256:43dcf96cf65888a9cd3423544dd0d75ac10f7aa0c3c28a175bbcd00c9ce1aebf"
            ],
            "index": "pypi",
            "version": "==0.0.12"
        }
    },
    "develop": {}
}
